# THIS IS AN AUTOGENERATED FILE. DO NOT EDIT THIS FILE DIRECTLY.
# yarn lockfile v1


"libsodium-wrappers@0.7.15":
  "integrity" "sha512-E4anqJQwcfiC6+Yrl01C1m8p99wEhLmJSs0VQqST66SbQXXBoaJY0pF4BNjRYa/sOQAxx6lXAaAFIlx+15tXJQ=="
  "resolved" "https://registry.npmjs.org/libsodium-wrappers/-/libsodium-wrappers-0.7.15.tgz"
  "version" "0.7.15"
  dependencies:
    "libsodium" "^0.7.15"

"libsodium@^0.7.15":
  "integrity" "sha512-sZwRknt/tUpE2AwzHq3jEyUU5uvIZHtSssktXq7owd++3CSgn8RGrv6UZJJBpP7+iBghBqe7Z06/2M31rI2NKw=="
  "resolved" "https://registry.npmjs.org/libsodium/-/libsodium-0.7.15.tgz"
  "version" "0.7.15"
