# This file is generated by running "yarn install" inside your project.
# Manual changes might be lost - proceed with caution!

__metadata:
  version: 8
  cacheKey: 10c0

"libsodium-wrappers@npm:0.7.15":
  version: 0.7.15
  resolution: "libsodium-wrappers@npm:0.7.15"
  dependencies:
    libsodium: "npm:^0.7.15"
  checksum: 10c0/852c4879f3b3c48332fe704454c4dfc2a1387f9f3930faf84d8626c9670f93365e56aa186d14e2995e5d352f08af07c99c06a2c26d5f44818039f1014d404171
  languageName: node
  linkType: hard

"libsodium@npm:^0.7.15":
  version: 0.7.15
  resolution: "libsodium@npm:0.7.15"
  checksum: 10c0/7bdb529681f30be0533f33921509c36823d18f6fc158d66842e50d33cd9635ebb0dd02eb1fe3b51e192996ff173949f846793e10103371c8b179e5c29525556c
  languageName: node
  linkType: hard

"release-workflow-example@workspace:.":
  version: 0.0.0-use.local
  resolution: "release-workflow-example@workspace:."
  dependencies:
    libsodium-wrappers: "npm:0.7.15"
  languageName: unknown
  linkType: soft
